// !$*UTF8*$!
{
	archiveVersion = 1;
	classes = {
	};
	objectVersion = 50;
	objects = {

/* Begin PBXBuildFile section */
		6FFED6A1245F9D2A00F332DA /* AppDelegate.swift in Sources */ = {isa = PBXBuildFile; fileRef = 6FFED6A0245F9D2A00F332DA /* AppDelegate.swift */; };
		6FFED6A3245F9D2A00F332DA /* SceneDelegate.swift in Sources */ = {isa = PBXBuildFile; fileRef = 6FFED6A2245F9D2A00F332DA /* SceneDelegate.swift */; };
		6FFED6A5245F9D2A00F332DA /* ViewController.swift in Sources */ = {isa = PBXBuildFile; fileRef = 6FFED6A4245F9D2A00F332DA /* ViewController.swift */; };
		6FFED6A8245F9D2A00F332DA /* Main.storyboard in Resources */ = {isa = PBXBuildFile; fileRef = 6FFED6A6245F9D2A00F332DA /* Main.storyboard */; };
		6FFED6AA245F9D2C00F332DA /* Assets.xcassets in Resources */ = {isa = PBXBuildFile; fileRef = 6FFED6A9245F9D2C00F332DA /* Assets.xcassets */; };
		6FFED6AD245F9D2C00F332DA /* LaunchScreen.storyboard in Resources */ = {isa = PBXBuildFile; fileRef = 6FFED6AB245F9D2C00F332DA /* LaunchScreen.storyboard */; };
		6FFED6B7245FA1D800F332DA /* ImageClassifier.mlmodel in Sources */ = {isa = PBXBuildFile; fileRef = 6FFED6B6245FA1D800F332DA /* ImageClassifier.mlmodel */; };
/* End PBXBuildFile section */

/* Begin PBXFileReference section */
		6FFED69D245F9D2A00F332DA /* WhatAnimal?.app */ = {isa = PBXFileReference; explicitFileType = wrapper.application; includeInIndex = 0; path = "WhatAnimal?.app"; sourceTree = BUILT_PRODUCTS_DIR; };
		6FFED6A0245F9D2A00F332DA /* AppDelegate.swift */ = {isa = PBXFileReference; lastKnownFileType = sourcecode.swift; path = AppDelegate.swift; sourceTree = "<group>"; };
		6FFED6A2245F9D2A00F332DA /* SceneDelegate.swift */ = {isa = PBXFileReference; lastKnownFileType = sourcecode.swift; path = SceneDelegate.swift; sourceTree = "<group>"; };
		6FFED6A4245F9D2A00F332DA /* ViewController.swift */ = {isa = PBXFileReference; lastKnownFileType = sourcecode.swift; path = ViewController.swift; sourceTree = "<group>"; };
		6FFED6A7245F9D2A00F332DA /* Base */ = {isa = PBXFileReference; lastKnownFileType = file.storyboard; name = Base; path = Base.lproj/Main.storyboard; sourceTree = "<group>"; };
		6FFED6A9245F9D2C00F332DA /* Assets.xcassets */ = {isa = PBXFileReference; lastKnownFileType = folder.assetcatalog; path = Assets.xcassets; sourceTree = "<group>"; };
		6FFED6AC245F9D2C00F332DA /* Base */ = {isa = PBXFileReference; lastKnownFileType = file.storyboard; name = Base; path = Base.lproj/LaunchScreen.storyboard; sourceTree = "<group>"; };
		6FFED6AE245F9D2C00F332DA /* Info.plist */ = {isa = PBXFileReference; lastKnownFileType = text.plist.xml; path = Info.plist; sourceTree = "<group>"; };
		6FFED6B6245FA1D800F332DA /* ImageClassifier.mlmodel */ = {isa = PBXFileReference; lastKnownFileType = file.mlmodel; path = ImageClassifier.mlmodel; sourceTree = "<group>"; };
/* End PBXFileReference section */

/* Begin PBXFrameworksBuildPhase section */
		6FFED69A245F9D2A00F332DA /* Frameworks */ = {
			isa = PBXFrameworksBuildPhase;
			buildActionMask = 2147483647;
			files = (
			);
			runOnlyForDeploymentPostprocessing = 0;
		};
/* End PBXFrameworksBuildPhase section */

/* Begin PBXGroup section */
		6FFED694245F9D2900F332DA = {
			isa = PBXGroup;
			children = (
				6FFED69F245F9D2A00F332DA /* WhatAnimal? */,
				6FFED69E245F9D2A00F332DA /* Products */,
			);
			sourceTree = "<group>";
		};
		6FFED69E245F9D2A00F332DA /* Products */ = {
			isa = PBXGroup;
			children = (
				6FFED69D245F9D2A00F332DA /* WhatAnimal?.app */,
			);
			name = Products;
			sourceTree = "<group>";
		};
		6FFED69F245F9D2A00F332DA /* WhatAnimal? */ = {
			isa = PBXGroup;
			children = (
				6FFED6A0245F9D2A00F332DA /* AppDelegate.swift */,
				6FFED6A2245F9D2A00F332DA /* SceneDelegate.swift */,
				6FFED6A4245F9D2A00F332DA /* ViewController.swift */,
				6FFED6A6245F9D2A00F332DA /* Main.storyboard */,
				6FFED6A9245F9D2C00F332DA /* Assets.xcassets */,
				6FFED6AB245F9D2C00F332DA /* LaunchScreen.storyboard */,
				6FFED6AE245F9D2C00F332DA /* Info.plist */,
				6FFED6B6245FA1D800F332DA /* ImageClassifier.mlmodel */,
			);
			path = "WhatAnimal?";
			sourceTree = "<group>";
		};
/* End PBXGroup section */

/* Begin PBXNativeTarget section */
		6FFED69C245F9D2A00F332DA /* WhatAnimal? */ = {
			isa = PBXNativeTarget;
			buildConfigurationList = 6FFED6B1245F9D2C00F332DA /* Build configuration list for PBXNativeTarget "WhatAnimal?" */;
			buildPhases = (
				6FFED699245F9D2A00F332DA /* Sources */,
				6FFED69A245F9D2A00F332DA /* Frameworks */,
				6FFED69B245F9D2A00F332DA /* Resources */,
			);
			buildRules = (
			);
			dependencies = (
			);
			name = "WhatAnimal?";
			productName = "WhatAnimal?";
			productReference = 6FFED69D245F9D2A00F332DA /* WhatAnimal?.app */;
			productType = "com.apple.product-type.application";
		};
/* End PBXNativeTarget section */

/* Begin PBXProject section */
		6FFED695245F9D2900F332DA /* Project object */ = {
			isa = PBXProject;
			attributes = {
				LastSwiftUpdateCheck = 1140;
				LastUpgradeCheck = 1140;
				ORGANIZATIONNAME = "Nareshri Babu";
				TargetAttributes = {
					6FFED69C245F9D2A00F332DA = {
						CreatedOnToolsVersion = 11.4.1;
					};
				};
			};
			buildConfigurationList = 6FFED698245F9D2900F332DA /* Build configuration list for PBXProject "WhatAnimal?" */;
			compatibilityVersion = "Xcode 9.3";
			developmentRegion = en;
			hasScannedForEncodings = 0;
			knownRegions = (
				en,
				Base,
			);
			mainGroup = 6FFED694245F9D2900F332DA;
			productRefGroup = 6FFED69E245F9D2A00F332DA /* Products */;
			projectDirPath = "";
			projectRoot = "";
			targets = (
				6FFED69C245F9D2A00F332DA /* WhatAnimal? */,
			);
		};
/* End PBXProject section */

/* Begin PBXResourcesBuildPhase section */
		6FFED69B245F9D2A00F332DA /* Resources */ = {
			isa = PBXResourcesBuildPhase;
			buildActionMask = 2147483647;
			files = (
				6FFED6AD245F9D2C00F332DA /* LaunchScreen.storyboard in Resources */,
				6FFED6AA245F9D2C00F332DA /* Assets.xcassets in Resources */,
				6FFED6A8245F9D2A00F332DA /* Main.storyboard in Resources */,
			);
			runOnlyForDeploymentPostprocessing = 0;
		};
/* End PBXResourcesBuildPhase section */

/* Begin PBXSourcesBuildPhase section */
		6FFED699245F9D2A00F332DA /* Sources */ = {
			isa = PBXSourcesBuildPhase;
			buildActionMask = 2147483647;
			files = (
				6FFED6A5245F9D2A00F332DA /* ViewController.swift in Sources */,
				6FFED6A1245F9D2A00F332DA /* AppDelegate.swift in Sources */,
				6FFED6A3245F9D2A00F332DA /* SceneDelegate.swift in Sources */,
				6FFED6B7245FA1D800F332DA /* ImageClassifier.mlmodel in Sources */,
			);
			runOnlyForDeploymentPostprocessing = 0;
		};
/* End PBXSourcesBuildPhase section */

/* Begin PBXVariantGroup section */
		6FFED6A6245F9D2A00F332DA /* Main.storyboard */ = {
			isa = PBXVariantGroup;
			children = (
				6FFED6A7245F9D2A00F332DA /* Base */,
			);
			name = Main.storyboard;
			sourceTree = "<group>";
		};
		6FFED6AB245F9D2C00F332DA /* LaunchScreen.storyboard */ = {
			isa = PBXVariantGroup;
			children = (
				6FFED6AC245F9D2C00F332DA /* Base */,
			);
			name = LaunchScreen.storyboard;
			sourceTree = "<group>";
		};
/* End PBXVariantGroup section */

/* Begin XCBuildConfiguration section */
		6FFED6AF245F9D2C00F332DA /* Debug */ = {
			isa = XCBuildConfiguration;
			buildSettings = {
				ALWAYS_SEARCH_USER_PATHS = NO;
				CLANG_ANALYZER_NONNULL = YES;
				CLANG_ANALYZER_NUMBER_OBJECT_CONVERSION = YES_AGGRESSIVE;
				CLANG_CXX_LANGUAGE_STANDARD = "gnu++14";
				CLANG_CXX_LIBRARY = "libc++";
				CLANG_ENABLE_MODULES = YES;
				CLANG_ENABLE_OBJC_ARC = YES;
				CLANG_ENABLE_OBJC_WEAK = YES;
				CLANG_WARN_BLOCK_CAPTURE_AUTORELEASING = YES;
				CLANG_WARN_BOOL_CONVERSION = YES;
				CLANG_WARN_COMMA = YES;
				CLANG_WARN_CONSTANT_CONVERSION = YES;
				CLANG_WARN_DEPRECATED_OBJC_IMPLEMENTATIONS = YES;
				CLANG_WARN_DIRECT_OBJC_ISA_USAGE = YES_ERROR;
				CLANG_WARN_DOCUMENTATION_COMMENTS = YES;
				CLANG_WARN_EMPTY_BODY = YES;
				CLANG_WARN_ENUM_CONVERSION = YES;
				CLANG_WARN_INFINITE_RECURSION = YES;
				CLANG_WARN_INT_CONVERSION = YES;
				CLANG_WARN_NON_LITERAL_NULL_CONVERSION = YES;
				CLANG_WARN_OBJC_IMPLICIT_RETAIN_SELF = YES;
				CLANG_WARN_OBJC_LITERAL_CONVERSION = YES;
				CLANG_WARN_OBJC_ROOT_CLASS = YES_ERROR;
				CLANG_WARN_RANGE_LOOP_ANALYSIS = YES;
				CLANG_WARN_STRICT_PROTOTYPES = YES;
				CLANG_WARN_SUSPICIOUS_MOVE = YES;
				CLANG_WARN_UNGUARDED_AVAILABILITY = YES_AGGRESSIVE;
				CLANG_WARN_UNREACHABLE_CODE = YES;
				CLANG_WARN__DUPLICATE_METHOD_MATCH = YES;
				COPY_PHASE_STRIP = NO;
				DEBUG_INFORMATION_FORMAT = dwarf;
				ENABLE_STRICT_OBJC_MSGSEND = YES;
				ENABLE_TESTABILITY = YES;
				GCC_C_LANGUAGE_STANDARD = gnu11;
				GCC_DYNAMIC_NO_PIC = NO;
				GCC_NO_COMMON_BLOCKS = YES;
				GCC_OPTIMIZATION_LEVEL = 0;
				GCC_PREPROCESSOR_DEFINITIONS = (
					"DEBUG=1",
					"$(inherited)",
				);
				GCC_WARN_64_TO_32_BIT_CONVERSION = YES;
				GCC_WARN_ABOUT_RETURN_TYPE = YES_ERROR;
				GCC_WARN_UNDECLARED_SELECTOR = YES;
				GCC_WARN_UNINITIALIZED_AUTOS = YES_AGGRESSIVE;
				GCC_WARN_UNUSED_FUNCTION = YES;
				GCC_WARN_UNUSED_VARIABLE = YES;
				IPHONEOS_DEPLOYMENT_TARGET = 13.4;
				MTL_ENABLE_DEBUG_INFO = INCLUDE_SOURCE;
				MTL_FAST_MATH = YES;
				ONLY_ACTIVE_ARCH = YES;
				SDKROOT = iphoneos;
				SWIFT_ACTIVE_COMPILATION_CONDITIONS = DEBUG;
				SWIFT_OPTIMIZATION_LEVEL = "-Onone";
			};
			name = Debug;
		};
		6FFED6B0245F9D2C00F332DA /* Release */ = {
			isa = XCBuildConfiguration;
			buildSettings = {
				ALWAYS_SEARCH_USER_PATHS = NO;
				CLANG_ANALYZER_NONNULL = YES;
				CLANG_ANALYZER_NUMBER_OBJECT_CONVERSION = YES_AGGRESSIVE;
				CLANG_CXX_LANGUAGE_STANDARD = "gnu++14";
				CLANG_CXX_LIBRARY = "libc++";
				CLANG_ENABLE_MODULES = YES;
				CLANG_ENABLE_OBJC_ARC = YES;
				CLANG_ENABLE_OBJC_WEAK = YES;
				CLANG_WARN_BLOCK_CAPTURE_AUTORELEASING = YES;
				CLANG_WARN_BOOL_CONVERSION = YES;
				CLANG_WARN_COMMA = YES;
				CLANG_WARN_CONSTANT_CONVERSION = YES;
				CLANG_WARN_DEPRECATED_OBJC_IMPLEMENTATIONS = YES;
				CLANG_WARN_DIRECT_OBJC_ISA_USAGE = YES_ERROR;
				CLANG_WARN_DOCUMENTATION_COMMENTS = YES;
				CLANG_WARN_EMPTY_BODY = YES;
				CLANG_WARN_ENUM_CONVERSION = YES;
				CLANG_WARN_INFINITE_RECURSION = YES;
				CLANG_WARN_INT_CONVERSION = YES;
				CLANG_WARN_NON_LITERAL_NULL_CONVERSION = YES;
				CLANG_WARN_OBJC_IMPLICIT_RETAIN_SELF = YES;
				CLANG_WARN_OBJC_LITERAL_CONVERSION = YES;
				CLANG_WARN_OBJC_ROOT_CLASS = YES_ERROR;
				CLANG_WARN_RANGE_LOOP_ANALYSIS = YES;
				CLANG_WARN_STRICT_PROTOTYPES = YES;
				CLANG_WARN_SUSPICIOUS_MOVE = YES;
				CLANG_WARN_UNGUARDED_AVAILABILITY = YES_AGGRESSIVE;
				CLANG_WARN_UNREACHABLE_CODE = YES;
				CLANG_WARN__DUPLICATE_METHOD_MATCH = YES;
				COPY_PHASE_STRIP = NO;
				DEBUG_INFORMATION_FORMAT = "dwarf-with-dsym";
				ENABLE_NS_ASSERTIONS = NO;
				ENABLE_STRICT_OBJC_MSGSEND = YES;
				GCC_C_LANGUAGE_STANDARD = gnu11;
				GCC_NO_COMMON_BLOCKS = YES;
				GCC_WARN_64_TO_32_BIT_CONVERSION = YES;
				GCC_WARN_ABOUT_RETURN_TYPE = YES_ERROR;
				GCC_WARN_UNDECLARED_SELECTOR = YES;
				GCC_WARN_UNINITIALIZED_AUTOS = YES_AGGRESSIVE;
				GCC_WARN_UNUSED_FUNCTION = YES;
				GCC_WARN_UNUSED_VARIABLE = YES;
				IPHONEOS_DEPLOYMENT_TARGET = 13.4;
				MTL_ENABLE_DEBUG_INFO = NO;
				MTL_FAST_MATH = YES;
				SDKROOT = iphoneos;
				SWIFT_COMPILATION_MODE = wholemodule;
				SWIFT_OPTIMIZATION_LEVEL = "-O";
				VALIDATE_PRODUCT = YES;
			};
			name = Release;
		};
		6FFED6B2245F9D2C00F332DA /* Debug */ = {
			isa = XCBuildConfiguration;
			buildSettings = {
				ASSETCATALOG_COMPILER_APPICON_NAME = AppIcon;
				CODE_SIGN_STYLE = Automatic;
				DEVELOPMENT_TEAM = M5XV4BPV5Y;
				INFOPLIST_FILE = "WhatAnimal?/Info.plist";
				LD_RUNPATH_SEARCH_PATHS = (
					"$(inherited)",
					"@executable_path/Frameworks",
				);
				PRODUCT_BUNDLE_IDENTIFIER = "com.nareshribabu.WhatAnimal-";
				PRODUCT_NAME = "$(TARGET_NAME)";
				SWIFT_VERSION = 5.0;
				TARGETED_DEVICE_FAMILY = "1,2";
			};
			name = Debug;
		};
		6FFED6B3245F9D2C00F332DA /* Release */ = {
			isa = XCBuildConfiguration;
			buildSettings = {
				ASSETCATALOG_COMPILER_APPICON_NAME = AppIcon;
				CODE_SIGN_STYLE = Automatic;
				DEVELOPMENT_TEAM = M5XV4BPV5Y;
				INFOPLIST_FILE = "WhatAnimal?/Info.plist";
				LD_RUNPATH_SEARCH_PATHS = (
					"$(inherited)",
					"@executable_path/Frameworks",
				);
				PRODUCT_BUNDLE_IDENTIFIER = "com.nareshribabu.WhatAnimal-";
				PRODUCT_NAME = "$(TARGET_NAME)";
				SWIFT_VERSION = 5.0;
				TARGETED_DEVICE_FAMILY = "1,2";
			};
			name = Release;
		};
/* End XCBuildConfiguration section */

/* Begin XCConfigurationList section */
		6FFED698245F9D2900F332DA /* Build configuration list for PBXProject "WhatAnimal?" */ = {
			isa = XCConfigurationList;
			buildConfigurations = (
				6FFED6AF245F9D2C00F332DA /* Debug */,
				6FFED6B0245F9D2C00F332DA /* Release */,
			);
			defaultConfigurationIsVisible = 0;
			defaultConfigurationName = Release;
		};
		6FFED6B1245F9D2C00F332DA /* Build configuration list for PBXNativeTarget "WhatAnimal?" */ = {
			isa = XCConfigurationList;
			buildConfigurations = (
				6FFED6B2245F9D2C00F332DA /* Debug */,
				6FFED6B3245F9D2C00F332DA /* Release */,
			);
			defaultConfigurationIsVisible = 0;
			defaultConfigurationName = Release;
		};
/* End XCConfigurationList section */
	};
	rootObject = 6FFED695245F9D2900F332DA /* Project object */;
}
